
Microsoft Visual Studio Solution File, Format Version 12.00
# Visual Studio Version 17
VisualStudioVersion = 17.7.34202.233
MinimumVisualStudioVersion = 10.0.40219.1
Project("{FAE04EC0-301F-11D3-BF4B-00C04F79EFBC}") = "duotai", "duotai\duotai.csproj", "{722F7AB9-9D4A-457C-BEA6-597A73B10123}"
EndProject
Global
	GlobalSection(SolutionConfigurationPlatforms) = preSolution
		Debug|Any CPU = Debug|Any CPU
		Release|Any CPU = Release|Any CPU
	EndGlobalSection
	GlobalSection(ProjectConfigurationPlatforms) = postSolution
		{722F7AB9-9D4A-457C-BEA6-597A73B10123}.Debug|Any CPU.ActiveCfg = Debug|Any CPU
		{722F7AB9-9D4A-457C-BEA6-597A73B10123}.Debug|Any CPU.Build.0 = Debug|Any CPU
		{722F7AB9-9D4A-457C-BEA6-597A73B10123}.Release|Any CPU.ActiveCfg = Release|Any CPU
		{722F7AB9-9D4A-457C-BEA6-597A73B10123}.Release|Any CPU.Build.0 = Release|Any CPU
	EndGlobalSection
	GlobalSection(SolutionProperties) = preSolution
		HideSolutionNode = FALSE
	EndGlobalSection
	GlobalSection(ExtensibilityGlobals) = postSolution
		SolutionGuid = {EFA74C48-8C08-4117-B347-33C33863E46C}
	EndGlobalSection
EndGlobal
